// !$*UTF8*$!
{
	archiveVersion = 1;
	classes = {
	};
	objectVersion = 50;
	objects = {

/* Begin PBXBuildFile section */
		5F03924A2080F4850054451F /* Icon.swift in Sources */ = {isa = PBXBuildFile; fileRef = 5F0392492080F4850054451F /* Icon.swift */; };
		5F2187E020801BE000D08673 /* AppDelegate.swift in Sources */ = {isa = PBXBuildFile; fileRef = 5F2187DF20801BE000D08673 /* AppDelegate.swift */; };
		5F2187E720801BE100D08673 /* Assets.xcassets in Resources */ = {isa = PBXBuildFile; fileRef = 5F2187E620801BE100D08673 /* Assets.xcassets */; };
		5F2187EA20801BE100D08673 /* LaunchScreen.storyboard in Resources */ = {isa = PBXBuildFile; fileRef = 5F2187E820801BE100D08673 /* LaunchScreen.storyboard */; };
		5F2187F320801D1400D08673 /* MoviestTableViewController.swift in Sources */ = {isa = PBXBuildFile; fileRef = 5F2187F220801D1400D08673 /* MoviestTableViewController.swift */; };
		5F2187F520801FE000D08673 /* MovieDetailViewController.swift in Sources */ = {isa = PBXBuildFile; fileRef = 5F2187F420801FE000D08673 /* MovieDetailViewController.swift */; };
		5F2187F8208023E200D08673 /* MovieDetailView.swift in Sources */ = {isa = PBXBuildFile; fileRef = 5F2187F7208023E200D08673 /* MovieDetailView.swift */; };
		5F2187FC2080296C00D08673 /* Font.swift in Sources */ = {isa = PBXBuildFile; fileRef = 5F2187FB2080296C00D08673 /* Font.swift */; };
		5F2187FE2080298200D08673 /* Color.swift in Sources */ = {isa = PBXBuildFile; fileRef = 5F2187FD2080298200D08673 /* Color.swift */; };
		5F21880120802A9200D08673 /* UIView+Autolayout.swift in Sources */ = {isa = PBXBuildFile; fileRef = 5F21880020802A9200D08673 /* UIView+Autolayout.swift */; };
		5FFC81A22080638E00A920DF /* MovieCell.swift in Sources */ = {isa = PBXBuildFile; fileRef = 5FFC81A12080638E00A920DF /* MovieCell.swift */; };
		5FFC81A52080710300A920DF /* APIManager.swift in Sources */ = {isa = PBXBuildFile; fileRef = 5FFC81A42080710300A920DF /* APIManager.swift */; };
		5FFC81A7208071E800A920DF /* APIHandler.swift in Sources */ = {isa = PBXBuildFile; fileRef = 5FFC81A6208071E800A920DF /* APIHandler.swift */; };
		5FFC81AA2080737200A920DF /* Movie.swift in Sources */ = {isa = PBXBuildFile; fileRef = 5FFC81A92080737200A920DF /* Movie.swift */; };
		5FFC81B02080741600A920DF /* ParseHandler.swift in Sources */ = {isa = PBXBuildFile; fileRef = 5FFC81AF2080741600A920DF /* ParseHandler.swift */; };
		5FFC81B22080746600A920DF /* MoviesRouter.swift in Sources */ = {isa = PBXBuildFile; fileRef = 5FFC81B12080746600A920DF /* MoviesRouter.swift */; };
		5FFC81B4208074AE00A920DF /* MovieType.swift in Sources */ = {isa = PBXBuildFile; fileRef = 5FFC81B3208074AE00A920DF /* MovieType.swift */; };
		5FFC81B62080757000A920DF /* Server.swift in Sources */ = {isa = PBXBuildFile; fileRef = 5FFC81B52080757000A920DF /* Server.swift */; };
		5FFC81B8208078D900A920DF /* MoviesService.swift in Sources */ = {isa = PBXBuildFile; fileRef = 5FFC81B7208078D900A920DF /* MoviesService.swift */; };
		5FFC81BA20807A1000A920DF /* UIViewController+HUD.swift in Sources */ = {isa = PBXBuildFile; fileRef = 5FFC81B920807A1000A920DF /* UIViewController+HUD.swift */; };
		5FFC81BD208084A400A920DF /* UITableViewCell+ReusableId.swift in Sources */ = {isa = PBXBuildFile; fileRef = 5FFC81BC208084A400A920DF /* UITableViewCell+ReusableId.swift */; };
		5FFC81BF20808E1F00A920DF /* Date+Format.swift in Sources */ = {isa = PBXBuildFile; fileRef = 5FFC81BE20808E1F00A920DF /* Date+Format.swift */; };
		DC6C0CC86867CFA249DEC03B /* Pods_MyMoviesTask.framework in Frameworks */ = {isa = PBXBuildFile; fileRef = 3277D06A71DC75F192868253 /* Pods_MyMoviesTask.framework */; };
/* End PBXBuildFile section */

/* Begin PBXFileReference section */
		3277D06A71DC75F192868253 /* Pods_MyMoviesTask.framework */ = {isa = PBXFileReference; explicitFileType = wrapper.framework; includeInIndex = 0; path = Pods_MyMoviesTask.framework; sourceTree = BUILT_PRODUCTS_DIR; };
		454B35F258BA8F94B73A73C9 /* Pods-MyMoviesTask.debug.xcconfig */ = {isa = PBXFileReference; includeInIndex = 1; lastKnownFileType = text.xcconfig; name = "Pods-MyMoviesTask.debug.xcconfig"; path = "Pods/Target Support Files/Pods-MyMoviesTask/Pods-MyMoviesTask.debug.xcconfig"; sourceTree = "<group>"; };
		5F0392492080F4850054451F /* Icon.swift */ = {isa = PBXFileReference; lastKnownFileType = sourcecode.swift; path = Icon.swift; sourceTree = "<group>"; };
		5F2187DC20801BE000D08673 /* MyMoviesTask.app */ = {isa = PBXFileReference; explicitFileType = wrapper.application; includeInIndex = 0; path = MyMoviesTask.app; sourceTree = BUILT_PRODUCTS_DIR; };
		5F2187DF20801BE000D08673 /* AppDelegate.swift */ = {isa = PBXFileReference; lastKnownFileType = sourcecode.swift; path = AppDelegate.swift; sourceTree = "<group>"; };
		5F2187E620801BE100D08673 /* Assets.xcassets */ = {isa = PBXFileReference; lastKnownFileType = folder.assetcatalog; path = Assets.xcassets; sourceTree = "<group>"; };
		5F2187E920801BE100D08673 /* Base */ = {isa = PBXFileReference; lastKnownFileType = file.storyboard; name = Base; path = Base.lproj/LaunchScreen.storyboard; sourceTree = "<group>"; };
		5F2187EB20801BE100D08673 /* Info.plist */ = {isa = PBXFileReference; lastKnownFileType = text.plist.xml; path = Info.plist; sourceTree = "<group>"; };
		5F2187F220801D1400D08673 /* MoviestTableViewController.swift */ = {isa = PBXFileReference; lastKnownFileType = sourcecode.swift; path = MoviestTableViewController.swift; sourceTree = "<group>"; };
		5F2187F420801FE000D08673 /* MovieDetailViewController.swift */ = {isa = PBXFileReference; lastKnownFileType = sourcecode.swift; path = MovieDetailViewController.swift; sourceTree = "<group>"; };
		5F2187F7208023E200D08673 /* MovieDetailView.swift */ = {isa = PBXFileReference; lastKnownFileType = sourcecode.swift; path = MovieDetailView.swift; sourceTree = "<group>"; };
		5F2187FB2080296C00D08673 /* Font.swift */ = {isa = PBXFileReference; lastKnownFileType = sourcecode.swift; path = Font.swift; sourceTree = "<group>"; };
		5F2187FD2080298200D08673 /* Color.swift */ = {isa = PBXFileReference; lastKnownFileType = sourcecode.swift; path = Color.swift; sourceTree = "<group>"; };
		5F21880020802A9200D08673 /* UIView+Autolayout.swift */ = {isa = PBXFileReference; lastKnownFileType = sourcecode.swift; path = "UIView+Autolayout.swift"; sourceTree = "<group>"; };
		5FFC81A12080638E00A920DF /* MovieCell.swift */ = {isa = PBXFileReference; lastKnownFileType = sourcecode.swift; path = MovieCell.swift; sourceTree = "<group>"; };
		5FFC81A42080710300A920DF /* APIManager.swift */ = {isa = PBXFileReference; lastKnownFileType = sourcecode.swift; path = APIManager.swift; sourceTree = "<group>"; };
		5FFC81A6208071E800A920DF /* APIHandler.swift */ = {isa = PBXFileReference; lastKnownFileType = sourcecode.swift; path = APIHandler.swift; sourceTree = "<group>"; };
		5FFC81A92080737200A920DF /* Movie.swift */ = {isa = PBXFileReference; lastKnownFileType = sourcecode.swift; path = Movie.swift; sourceTree = "<group>"; };
		5FFC81AF2080741600A920DF /* ParseHandler.swift */ = {isa = PBXFileReference; lastKnownFileType = sourcecode.swift; path = ParseHandler.swift; sourceTree = "<group>"; };
		5FFC81B12080746600A920DF /* MoviesRouter.swift */ = {isa = PBXFileReference; lastKnownFileType = sourcecode.swift; path = MoviesRouter.swift; sourceTree = "<group>"; };
		5FFC81B3208074AE00A920DF /* MovieType.swift */ = {isa = PBXFileReference; lastKnownFileType = sourcecode.swift; path = MovieType.swift; sourceTree = "<group>"; };
		5FFC81B52080757000A920DF /* Server.swift */ = {isa = PBXFileReference; lastKnownFileType = sourcecode.swift; path = Server.swift; sourceTree = "<group>"; };
		5FFC81B7208078D900A920DF /* MoviesService.swift */ = {isa = PBXFileReference; lastKnownFileType = sourcecode.swift; path = MoviesService.swift; sourceTree = "<group>"; };
		5FFC81B920807A1000A920DF /* UIViewController+HUD.swift */ = {isa = PBXFileReference; lastKnownFileType = sourcecode.swift; path = "UIViewController+HUD.swift"; sourceTree = "<group>"; };
		5FFC81BC208084A400A920DF /* UITableViewCell+ReusableId.swift */ = {isa = PBXFileReference; lastKnownFileType = sourcecode.swift; path = "UITableViewCell+ReusableId.swift"; sourceTree = "<group>"; };
		5FFC81BE20808E1F00A920DF /* Date+Format.swift */ = {isa = PBXFileReference; lastKnownFileType = sourcecode.swift; path = "Date+Format.swift"; sourceTree = "<group>"; };
		8B58BE2EE64284A56A30705C /* Pods-MyMoviesTask.release.xcconfig */ = {isa = PBXFileReference; includeInIndex = 1; lastKnownFileType = text.xcconfig; name = "Pods-MyMoviesTask.release.xcconfig"; path = "Pods/Target Support Files/Pods-MyMoviesTask/Pods-MyMoviesTask.release.xcconfig"; sourceTree = "<group>"; };
/* End PBXFileReference section */

/* Begin PBXFrameworksBuildPhase section */
		5F2187D920801BE000D08673 /* Frameworks */ = {
			isa = PBXFrameworksBuildPhase;
			buildActionMask = 2147483647;
			files = (
				DC6C0CC86867CFA249DEC03B /* Pods_MyMoviesTask.framework in Frameworks */,
			);
			runOnlyForDeploymentPostprocessing = 0;
		};
/* End PBXFrameworksBuildPhase section */

/* Begin PBXGroup section */
		5F2187D320801BE000D08673 = {
			isa = PBXGroup;
			children = (
				5F2187DE20801BE000D08673 /* MyMoviesTask */,
				5F2187DD20801BE000D08673 /* Products */,
				AF0B11864D04AF2B16383552 /* Pods */,
				948160B1F2033DC0EF21EDE7 /* Frameworks */,
			);
			sourceTree = "<group>";
		};
		5F2187DD20801BE000D08673 /* Products */ = {
			isa = PBXGroup;
			children = (
				5F2187DC20801BE000D08673 /* MyMoviesTask.app */,
			);
			name = Products;
			sourceTree = "<group>";
		};
		5F2187DE20801BE000D08673 /* MyMoviesTask */ = {
			isa = PBXGroup;
			children = (
				5FFC81A320806FF400A920DF /* API */,
				5F2187DF20801BE000D08673 /* AppDelegate.swift */,
				5F2187E620801BE100D08673 /* Assets.xcassets */,
				5FFC81BB20807B6600A920DF /* Controllers */,
				5F2187EB20801BE100D08673 /* Info.plist */,
				5F2187E820801BE100D08673 /* LaunchScreen.storyboard */,
				5FFC81A82080736300A920DF /* Models */,
				5F2187FA2080295700D08673 /* Utilities */,
				5F2187F62080232100D08673 /* Views */,
			);
			path = MyMoviesTask;
			sourceTree = "<group>";
		};
		5F2187F62080232100D08673 /* Views */ = {
			isa = PBXGroup;
			children = (
				5F2187F7208023E200D08673 /* MovieDetailView.swift */,
				5FFC81A12080638E00A920DF /* MovieCell.swift */,
			);
			path = Views;
			sourceTree = "<group>";
		};
		5F2187FA2080295700D08673 /* Utilities */ = {
			isa = PBXGroup;
			children = (
				5F2187FF20802A8100D08673 /* Extensions */,
				5F2187FB2080296C00D08673 /* Font.swift */,
				5F2187FD2080298200D08673 /* Color.swift */,
				5FFC81B3208074AE00A920DF /* MovieType.swift */,
				5F0392492080F4850054451F /* Icon.swift */,
			);
			path = Utilities;
			sourceTree = "<group>";
		};
		5F2187FF20802A8100D08673 /* Extensions */ = {
			isa = PBXGroup;
			children = (
				5F21880020802A9200D08673 /* UIView+Autolayout.swift */,
				5FFC81B920807A1000A920DF /* UIViewController+HUD.swift */,
				5FFC81BC208084A400A920DF /* UITableViewCell+ReusableId.swift */,
				5FFC81BE20808E1F00A920DF /* Date+Format.swift */,
			);
			path = Extensions;
			sourceTree = "<group>";
		};
		5FFC81A320806FF400A920DF /* API */ = {
			isa = PBXGroup;
			children = (
				5FFC81A42080710300A920DF /* APIManager.swift */,
				5FFC81A6208071E800A920DF /* APIHandler.swift */,
				5FFC81AF2080741600A920DF /* ParseHandler.swift */,
				5FFC81B12080746600A920DF /* MoviesRouter.swift */,
				5FFC81B52080757000A920DF /* Server.swift */,
				5FFC81B7208078D900A920DF /* MoviesService.swift */,
			);
			path = API;
			sourceTree = "<group>";
		};
		5FFC81A82080736300A920DF /* Models */ = {
			isa = PBXGroup;
			children = (
				5FFC81A92080737200A920DF /* Movie.swift */,
			);
			path = Models;
			sourceTree = "<group>";
		};
		5FFC81BB20807B6600A920DF /* Controllers */ = {
			isa = PBXGroup;
			children = (
				5F2187F220801D1400D08673 /* MoviestTableViewController.swift */,
				5F2187F420801FE000D08673 /* MovieDetailViewController.swift */,
			);
			path = Controllers;
			sourceTree = "<group>";
		};
		948160B1F2033DC0EF21EDE7 /* Frameworks */ = {
			isa = PBXGroup;
			children = (
				3277D06A71DC75F192868253 /* Pods_MyMoviesTask.framework */,
			);
			name = Frameworks;
			sourceTree = "<group>";
		};
		AF0B11864D04AF2B16383552 /* Pods */ = {
			isa = PBXGroup;
			children = (
				454B35F258BA8F94B73A73C9 /* Pods-MyMoviesTask.debug.xcconfig */,
				8B58BE2EE64284A56A30705C /* Pods-MyMoviesTask.release.xcconfig */,
			);
			name = Pods;
			sourceTree = "<group>";
		};
/* End PBXGroup section */

/* Begin PBXNativeTarget section */
		5F2187DB20801BE000D08673 /* MyMoviesTask */ = {
			isa = PBXNativeTarget;
			buildConfigurationList = 5F2187EE20801BE100D08673 /* Build configuration list for PBXNativeTarget "MyMoviesTask" */;
			buildPhases = (
				8EF44CC6B99A719BBA0432D1 /* [CP] Check Pods Manifest.lock */,
				5F2187D820801BE000D08673 /* Sources */,
				5F2187D920801BE000D08673 /* Frameworks */,
				5F2187DA20801BE000D08673 /* Resources */,
				ED64B809E969FE38AF25DED3 /* [CP] Embed Pods Frameworks */,
				18DD3FAD07FAEC5BF60B179D /* [CP] Copy Pods Resources */,
				5F03924C2081141C0054451F /* ShellScript */,
			);
			buildRules = (
			);
			dependencies = (
			);
			name = MyMoviesTask;
			productName = MyMoviesTask;
			productReference = 5F2187DC20801BE000D08673 /* MyMoviesTask.app */;
			productType = "com.apple.product-type.application";
		};
/* End PBXNativeTarget section */

/* Begin PBXProject section */
		5F2187D420801BE000D08673 /* Project object */ = {
			isa = PBXProject;
			attributes = {
				LastSwiftUpdateCheck = 0930;
				LastUpgradeCheck = 0930;
				ORGANIZATIONNAME = "Claudia Carrillo";
				TargetAttributes = {
					5F2187DB20801BE000D08673 = {
						CreatedOnToolsVersion = 9.3;
					};
				};
			};
			buildConfigurationList = 5F2187D720801BE000D08673 /* Build configuration list for PBXProject "MyMoviesTask" */;
			compatibilityVersion = "Xcode 9.3";
			developmentRegion = en;
			hasScannedForEncodings = 0;
			knownRegions = (
				en,
				Base,
			);
			mainGroup = 5F2187D320801BE000D08673;
			productRefGroup = 5F2187DD20801BE000D08673 /* Products */;
			projectDirPath = "";
			projectRoot = "";
			targets = (
				5F2187DB20801BE000D08673 /* MyMoviesTask */,
			);
		};
/* End PBXProject section */

/* Begin PBXResourcesBuildPhase section */
		5F2187DA20801BE000D08673 /* Resources */ = {
			isa = PBXResourcesBuildPhase;
			buildActionMask = 2147483647;
			files = (
				5F2187EA20801BE100D08673 /* LaunchScreen.storyboard in Resources */,
				5F2187E720801BE100D08673 /* Assets.xcassets in Resources */,
			);
			runOnlyForDeploymentPostprocessing = 0;
		};
/* End PBXResourcesBuildPhase section */

/* Begin PBXShellScriptBuildPhase section */
		18DD3FAD07FAEC5BF60B179D /* [CP] Copy Pods Resources */ = {
			isa = PBXShellScriptBuildPhase;
			buildActionMask = 2147483647;
			files = (
			);
			inputPaths = (
			);
			name = "[CP] Copy Pods Resources";
			outputPaths = (
			);
			runOnlyForDeploymentPostprocessing = 0;
			shellPath = /bin/sh;
			shellScript = "\"${SRCROOT}/Pods/Target Support Files/Pods-MyMoviesTask/Pods-MyMoviesTask-resources.sh\"\n";
			showEnvVarsInLog = 0;
		};
		5F03924C2081141C0054451F /* ShellScript */ = {
			isa = PBXShellScriptBuildPhase;
			buildActionMask = 2147483647;
			files = (
			);
			inputPaths = (
			);
			outputPaths = (
			);
			runOnlyForDeploymentPostprocessing = 0;
			shellPath = /bin/sh;
			shellScript = "if which swiftlint >/dev/null; then\nswiftlint\nelse\necho \"warning: SwiftLint not installed, download from https://github.com/realm/SwiftLint\"\nfi\n";
		};
		8EF44CC6B99A719BBA0432D1 /* [CP] Check Pods Manifest.lock */ = {
			isa = PBXShellScriptBuildPhase;
			buildActionMask = 2147483647;
			files = (
			);
			inputPaths = (
				"${PODS_PODFILE_DIR_PATH}/Podfile.lock",
				"${PODS_ROOT}/Manifest.lock",
			);
			name = "[CP] Check Pods Manifest.lock";
			outputPaths = (
				"$(DERIVED_FILE_DIR)/Pods-MyMoviesTask-checkManifestLockResult.txt",
			);
			runOnlyForDeploymentPostprocessing = 0;
			shellPath = /bin/sh;
			shellScript = "diff \"${PODS_PODFILE_DIR_PATH}/Podfile.lock\" \"${PODS_ROOT}/Manifest.lock\" > /dev/null\nif [ $? != 0 ] ; then\n    # print error to STDERR\n    echo \"error: The sandbox is not in sync with the Podfile.lock. Run 'pod install' or update your CocoaPods installation.\" >&2\n    exit 1\nfi\n# This output is used by Xcode 'outputs' to avoid re-running this script phase.\necho \"SUCCESS\" > \"${SCRIPT_OUTPUT_FILE_0}\"\n";
			showEnvVarsInLog = 0;
		};
		ED64B809E969FE38AF25DED3 /* [CP] Embed Pods Frameworks */ = {
			isa = PBXShellScriptBuildPhase;
			buildActionMask = 2147483647;
			files = (
			);
			inputPaths = (
				"${SRCROOT}/Pods/Target Support Files/Pods-MyMoviesTask/Pods-MyMoviesTask-frameworks.sh",
				"${BUILT_PRODUCTS_DIR}/Alamofire/Alamofire.framework",
				"${BUILT_PRODUCTS_DIR}/AlamofireImage/AlamofireImage.framework",
				"${BUILT_PRODUCTS_DIR}/ObjectMapper/ObjectMapper.framework",
				"${BUILT_PRODUCTS_DIR}/PromiseKit/PromiseKit.framework",
				"${BUILT_PRODUCTS_DIR}/SVProgressHUD/SVProgressHUD.framework",
			);
			name = "[CP] Embed Pods Frameworks";
			outputPaths = (
				"${TARGET_BUILD_DIR}/${FRAMEWORKS_FOLDER_PATH}/Alamofire.framework",
				"${TARGET_BUILD_DIR}/${FRAMEWORKS_FOLDER_PATH}/AlamofireImage.framework",
				"${TARGET_BUILD_DIR}/${FRAMEWORKS_FOLDER_PATH}/ObjectMapper.framework",
				"${TARGET_BUILD_DIR}/${FRAMEWORKS_FOLDER_PATH}/PromiseKit.framework",
				"${TARGET_BUILD_DIR}/${FRAMEWORKS_FOLDER_PATH}/SVProgressHUD.framework",
			);
			runOnlyForDeploymentPostprocessing = 0;
			shellPath = /bin/sh;
			shellScript = "\"${SRCROOT}/Pods/Target Support Files/Pods-MyMoviesTask/Pods-MyMoviesTask-frameworks.sh\"\n";
			showEnvVarsInLog = 0;
		};
/* End PBXShellScriptBuildPhase section */

/* Begin PBXSourcesBuildPhase section */
		5F2187D820801BE000D08673 /* Sources */ = {
			isa = PBXSourcesBuildPhase;
			buildActionMask = 2147483647;
			files = (
				5F2187E020801BE000D08673 /* AppDelegate.swift in Sources */,
				5FFC81B4208074AE00A920DF /* MovieType.swift in Sources */,
				5FFC81B22080746600A920DF /* MoviesRouter.swift in Sources */,
				5F21880120802A9200D08673 /* UIView+Autolayout.swift in Sources */,
				5FFC81A22080638E00A920DF /* MovieCell.swift in Sources */,
				5FFC81BF20808E1F00A920DF /* Date+Format.swift in Sources */,
				5FFC81BA20807A1000A920DF /* UIViewController+HUD.swift in Sources */,
				5FFC81A52080710300A920DF /* APIManager.swift in Sources */,
				5FFC81B02080741600A920DF /* ParseHandler.swift in Sources */,
				5F2187F520801FE000D08673 /* MovieDetailViewController.swift in Sources */,
				5F2187FC2080296C00D08673 /* Font.swift in Sources */,
				5F2187F8208023E200D08673 /* MovieDetailView.swift in Sources */,
				5FFC81A7208071E800A920DF /* APIHandler.swift in Sources */,
				5FFC81B8208078D900A920DF /* MoviesService.swift in Sources */,
				5F2187F320801D1400D08673 /* MoviestTableViewController.swift in Sources */,
				5FFC81BD208084A400A920DF /* UITableViewCell+ReusableId.swift in Sources */,
				5FFC81AA2080737200A920DF /* Movie.swift in Sources */,
				5FFC81B62080757000A920DF /* Server.swift in Sources */,
				5F03924A2080F4850054451F /* Icon.swift in Sources */,
				5F2187FE2080298200D08673 /* Color.swift in Sources */,
			);
			runOnlyForDeploymentPostprocessing = 0;
		};
/* End PBXSourcesBuildPhase section */

/* Begin PBXVariantGroup section */
		5F2187E820801BE100D08673 /* LaunchScreen.storyboard */ = {
			isa = PBXVariantGroup;
			children = (
				5F2187E920801BE100D08673 /* Base */,
			);
			name = LaunchScreen.storyboard;
			sourceTree = "<group>";
		};
/* End PBXVariantGroup section */

/* Begin XCBuildConfiguration section */
		5F2187EC20801BE100D08673 /* Debug */ = {
			isa = XCBuildConfiguration;
			buildSettings = {
				ALWAYS_SEARCH_USER_PATHS = NO;
				CLANG_ANALYZER_NONNULL = YES;
				CLANG_ANALYZER_NUMBER_OBJECT_CONVERSION = YES_AGGRESSIVE;
				CLANG_CXX_LANGUAGE_STANDARD = "gnu++14";
				CLANG_CXX_LIBRARY = "libc++";
				CLANG_ENABLE_MODULES = YES;
				CLANG_ENABLE_OBJC_ARC = YES;
				CLANG_ENABLE_OBJC_WEAK = YES;
				CLANG_WARN_BLOCK_CAPTURE_AUTORELEASING = YES;
				CLANG_WARN_BOOL_CONVERSION = YES;
				CLANG_WARN_COMMA = YES;
				CLANG_WARN_CONSTANT_CONVERSION = YES;
				CLANG_WARN_DEPRECATED_OBJC_IMPLEMENTATIONS = YES;
				CLANG_WARN_DIRECT_OBJC_ISA_USAGE = YES_ERROR;
				CLANG_WARN_DOCUMENTATION_COMMENTS = YES;
				CLANG_WARN_EMPTY_BODY = YES;
				CLANG_WARN_ENUM_CONVERSION = YES;
				CLANG_WARN_INFINITE_RECURSION = YES;
				CLANG_WARN_INT_CONVERSION = YES;
				CLANG_WARN_NON_LITERAL_NULL_CONVERSION = YES;
				CLANG_WARN_OBJC_IMPLICIT_RETAIN_SELF = YES;
				CLANG_WARN_OBJC_LITERAL_CONVERSION = YES;
				CLANG_WARN_OBJC_ROOT_CLASS = YES_ERROR;
				CLANG_WARN_RANGE_LOOP_ANALYSIS = YES;
				CLANG_WARN_STRICT_PROTOTYPES = YES;
				CLANG_WARN_SUSPICIOUS_MOVE = YES;
				CLANG_WARN_UNGUARDED_AVAILABILITY = YES_AGGRESSIVE;
				CLANG_WARN_UNREACHABLE_CODE = YES;
				CLANG_WARN__DUPLICATE_METHOD_MATCH = YES;
				CODE_SIGN_IDENTITY = "iPhone Developer";
				COPY_PHASE_STRIP = NO;
				DEBUG_INFORMATION_FORMAT = dwarf;
				ENABLE_STRICT_OBJC_MSGSEND = YES;
				ENABLE_TESTABILITY = YES;
				GCC_C_LANGUAGE_STANDARD = gnu11;
				GCC_DYNAMIC_NO_PIC = NO;
				GCC_NO_COMMON_BLOCKS = YES;
				GCC_OPTIMIZATION_LEVEL = 0;
				GCC_PREPROCESSOR_DEFINITIONS = (
					"DEBUG=1",
					"$(inherited)",
				);
				GCC_WARN_64_TO_32_BIT_CONVERSION = YES;
				GCC_WARN_ABOUT_RETURN_TYPE = YES_ERROR;
				GCC_WARN_UNDECLARED_SELECTOR = YES;
				GCC_WARN_UNINITIALIZED_AUTOS = YES_AGGRESSIVE;
				GCC_WARN_UNUSED_FUNCTION = YES;
				GCC_WARN_UNUSED_VARIABLE = YES;
				IPHONEOS_DEPLOYMENT_TARGET = 11.3;
				MTL_ENABLE_DEBUG_INFO = YES;
				ONLY_ACTIVE_ARCH = YES;
				SDKROOT = iphoneos;
				SWIFT_ACTIVE_COMPILATION_CONDITIONS = DEBUG;
				SWIFT_OPTIMIZATION_LEVEL = "-Onone";
			};
			name = Debug;
		};
		5F2187ED20801BE100D08673 /* Release */ = {
			isa = XCBuildConfiguration;
			buildSettings = {
				ALWAYS_SEARCH_USER_PATHS = NO;
				CLANG_ANALYZER_NONNULL = YES;
				CLANG_ANALYZER_NUMBER_OBJECT_CONVERSION = YES_AGGRESSIVE;
				CLANG_CXX_LANGUAGE_STANDARD = "gnu++14";
				CLANG_CXX_LIBRARY = "libc++";
				CLANG_ENABLE_MODULES = YES;
				CLANG_ENABLE_OBJC_ARC = YES;
				CLANG_ENABLE_OBJC_WEAK = YES;
				CLANG_WARN_BLOCK_CAPTURE_AUTORELEASING = YES;
				CLANG_WARN_BOOL_CONVERSION = YES;
				CLANG_WARN_COMMA = YES;
				CLANG_WARN_CONSTANT_CONVERSION = YES;
				CLANG_WARN_DEPRECATED_OBJC_IMPLEMENTATIONS = YES;
				CLANG_WARN_DIRECT_OBJC_ISA_USAGE = YES_ERROR;
				CLANG_WARN_DOCUMENTATION_COMMENTS = YES;
				CLANG_WARN_EMPTY_BODY = YES;
				CLANG_WARN_ENUM_CONVERSION = YES;
				CLANG_WARN_INFINITE_RECURSION = YES;
				CLANG_WARN_INT_CONVERSION = YES;
				CLANG_WARN_NON_LITERAL_NULL_CONVERSION = YES;
				CLANG_WARN_OBJC_IMPLICIT_RETAIN_SELF = YES;
				CLANG_WARN_OBJC_LITERAL_CONVERSION = YES;
				CLANG_WARN_OBJC_ROOT_CLASS = YES_ERROR;
				CLANG_WARN_RANGE_LOOP_ANALYSIS = YES;
				CLANG_WARN_STRICT_PROTOTYPES = YES;
				CLANG_WARN_SUSPICIOUS_MOVE = YES;
				CLANG_WARN_UNGUARDED_AVAILABILITY = YES_AGGRESSIVE;
				CLANG_WARN_UNREACHABLE_CODE = YES;
				CLANG_WARN__DUPLICATE_METHOD_MATCH = YES;
				CODE_SIGN_IDENTITY = "iPhone Developer";
				COPY_PHASE_STRIP = NO;
				DEBUG_INFORMATION_FORMAT = "dwarf-with-dsym";
				ENABLE_NS_ASSERTIONS = NO;
				ENABLE_STRICT_OBJC_MSGSEND = YES;
				GCC_C_LANGUAGE_STANDARD = gnu11;
				GCC_NO_COMMON_BLOCKS = YES;
				GCC_WARN_64_TO_32_BIT_CONVERSION = YES;
				GCC_WARN_ABOUT_RETURN_TYPE = YES_ERROR;
				GCC_WARN_UNDECLARED_SELECTOR = YES;
				GCC_WARN_UNINITIALIZED_AUTOS = YES_AGGRESSIVE;
				GCC_WARN_UNUSED_FUNCTION = YES;
				GCC_WARN_UNUSED_VARIABLE = YES;
				IPHONEOS_DEPLOYMENT_TARGET = 11.3;
				MTL_ENABLE_DEBUG_INFO = NO;
				SDKROOT = iphoneos;
				SWIFT_COMPILATION_MODE = wholemodule;
				SWIFT_OPTIMIZATION_LEVEL = "-O";
				VALIDATE_PRODUCT = YES;
			};
			name = Release;
		};
		5F2187EF20801BE100D08673 /* Debug */ = {
			isa = XCBuildConfiguration;
			baseConfigurationReference = 454B35F258BA8F94B73A73C9 /* Pods-MyMoviesTask.debug.xcconfig */;
			buildSettings = {
				ASSETCATALOG_COMPILER_APPICON_NAME = AppIcon;
				CODE_SIGN_STYLE = Automatic;
				DEVELOPMENT_TEAM = FQB7945LTG;
				INFOPLIST_FILE = MyMoviesTask/Info.plist;
				IPHONEOS_DEPLOYMENT_TARGET = 11.0;
				LD_RUNPATH_SEARCH_PATHS = (
					"$(inherited)",
					"@executable_path/Frameworks",
				);
				PRODUCT_BUNDLE_IDENTIFIER = nearsoft.MyMoviesTask;
				PRODUCT_NAME = "$(TARGET_NAME)";
				SWIFT_VERSION = 4.0;
				TARGETED_DEVICE_FAMILY = "1,2";
			};
			name = Debug;
		};
		5F2187F020801BE100D08673 /* Release */ = {
			isa = XCBuildConfiguration;
			baseConfigurationReference = 8B58BE2EE64284A56A30705C /* Pods-MyMoviesTask.release.xcconfig */;
			buildSettings = {
				ASSETCATALOG_COMPILER_APPICON_NAME = AppIcon;
				CODE_SIGN_STYLE = Automatic;
				DEVELOPMENT_TEAM = FQB7945LTG;
				INFOPLIST_FILE = MyMoviesTask/Info.plist;
				IPHONEOS_DEPLOYMENT_TARGET = 11.0;
				LD_RUNPATH_SEARCH_PATHS = (
					"$(inherited)",
					"@executable_path/Frameworks",
				);
				PRODUCT_BUNDLE_IDENTIFIER = nearsoft.MyMoviesTask;
				PRODUCT_NAME = "$(TARGET_NAME)";
				SWIFT_VERSION = 4.0;
				TARGETED_DEVICE_FAMILY = "1,2";
			};
			name = Release;
		};
/* End XCBuildConfiguration section */

/* Begin XCConfigurationList section */
		5F2187D720801BE000D08673 /* Build configuration list for PBXProject "MyMoviesTask" */ = {
			isa = XCConfigurationList;
			buildConfigurations = (
				5F2187EC20801BE100D08673 /* Debug */,
				5F2187ED20801BE100D08673 /* Release */,
			);
			defaultConfigurationIsVisible = 0;
			defaultConfigurationName = Release;
		};
		5F2187EE20801BE100D08673 /* Build configuration list for PBXNativeTarget "MyMoviesTask" */ = {
			isa = XCConfigurationList;
			buildConfigurations = (
				5F2187EF20801BE100D08673 /* Debug */,
				5F2187F020801BE100D08673 /* Release */,
			);
			defaultConfigurationIsVisible = 0;
			defaultConfigurationName = Release;
		};
/* End XCConfigurationList section */
	};
	rootObject = 5F2187D420801BE000D08673 /* Project object */;
}
